
Microsoft Visual Studio Solution File, Format Version 12.00
Project("{FAE04EC0-301F-11D3-BF4B-00C04F79EFBC}") = "IdentityServer4_implementation", "IdentityServer4_implementation\IdentityServer4_implementation.csproj", "{F69AE5FA-3845-406D-81BB-6AFE5AF5A918}"
EndProject
Project("{FAE04EC0-301F-11D3-BF4B-00C04F79EFBC}") = "iS4.TasksApi", "iS4.TasksApi\iS4.TasksApi.csproj", "{86C8C44C-37AD-4C19-AD85-8884675E0AAD}"
EndProject
Global
	GlobalSection(SolutionConfigurationPlatforms) = preSolution
		Debug|Any CPU = Debug|Any CPU
		Release|Any CPU = Release|Any CPU
	EndGlobalSection
	GlobalSection(ProjectConfigurationPlatforms) = postSolution
		{F69AE5FA-3845-406D-81BB-6AFE5AF5A918}.Debug|Any CPU.ActiveCfg = Debug|Any CPU
		{F69AE5FA-3845-406D-81BB-6AFE5AF5A918}.Debug|Any CPU.Build.0 = Debug|Any CPU
		{F69AE5FA-3845-406D-81BB-6AFE5AF5A918}.Release|Any CPU.ActiveCfg = Release|Any CPU
		{F69AE5FA-3845-406D-81BB-6AFE5AF5A918}.Release|Any CPU.Build.0 = Release|Any CPU
		{86C8C44C-37AD-4C19-AD85-8884675E0AAD}.Debug|Any CPU.ActiveCfg = Debug|Any CPU
		{86C8C44C-37AD-4C19-AD85-8884675E0AAD}.Debug|Any CPU.Build.0 = Debug|Any CPU
		{86C8C44C-37AD-4C19-AD85-8884675E0AAD}.Release|Any CPU.ActiveCfg = Release|Any CPU
		{86C8C44C-37AD-4C19-AD85-8884675E0AAD}.Release|Any CPU.Build.0 = Release|Any CPU
	EndGlobalSection
EndGlobal
